// !$*UTF8*$!
{
	archiveVersion = 1;
	classes = {
	};
	objectVersion = 48;
	objects = {

/* Begin PBXBuildFile section */
		2AA02F58B4769822465F4FAB /* Pods_NetworkManager.framework in Frameworks */ = {isa = PBXBuildFile; fileRef = BF38D0ADC557B404B669F360 /* Pods_NetworkManager.framework */; };
		F75717ED206ADD30005D9343 /* AppDelegate.swift in Sources */ = {isa = PBXBuildFile; fileRef = F75717EC206ADD30005D9343 /* AppDelegate.swift */; };
		F75717EF206ADD30005D9343 /* ViewController.swift in Sources */ = {isa = PBXBuildFile; fileRef = F75717EE206ADD30005D9343 /* ViewController.swift */; };
		F75717F2206ADD30005D9343 /* Main.storyboard in Resources */ = {isa = PBXBuildFile; fileRef = F75717F0206ADD30005D9343 /* Main.storyboard */; };
		F75717F4206ADD30005D9343 /* Assets.xcassets in Resources */ = {isa = PBXBuildFile; fileRef = F75717F3206ADD30005D9343 /* Assets.xcassets */; };
		F75717F7206ADD30005D9343 /* LaunchScreen.storyboard in Resources */ = {isa = PBXBuildFile; fileRef = F75717F5206ADD30005D9343 /* LaunchScreen.storyboard */; };
		F75717FF206ADF3E005D9343 /* NetworkManager.swift in Sources */ = {isa = PBXBuildFile; fileRef = F75717FE206ADF3E005D9343 /* NetworkManager.swift */; };
/* End PBXBuildFile section */

/* Begin PBXFileReference section */
		5447A503090EFDF070DF0530 /* Pods-NetworkManager.debug.xcconfig */ = {isa = PBXFileReference; includeInIndex = 1; lastKnownFileType = text.xcconfig; name = "Pods-NetworkManager.debug.xcconfig"; path = "Pods/Target Support Files/Pods-NetworkManager/Pods-NetworkManager.debug.xcconfig"; sourceTree = "<group>"; };
		BF38D0ADC557B404B669F360 /* Pods_NetworkManager.framework */ = {isa = PBXFileReference; explicitFileType = wrapper.framework; includeInIndex = 0; path = Pods_NetworkManager.framework; sourceTree = BUILT_PRODUCTS_DIR; };
		BFC397EFE6C1B3D16FE5841E /* Pods-NetworkManager.release.xcconfig */ = {isa = PBXFileReference; includeInIndex = 1; lastKnownFileType = text.xcconfig; name = "Pods-NetworkManager.release.xcconfig"; path = "Pods/Target Support Files/Pods-NetworkManager/Pods-NetworkManager.release.xcconfig"; sourceTree = "<group>"; };
		F75717E9206ADD30005D9343 /* NetworkManager.app */ = {isa = PBXFileReference; explicitFileType = wrapper.application; includeInIndex = 0; path = NetworkManager.app; sourceTree = BUILT_PRODUCTS_DIR; };
		F75717EC206ADD30005D9343 /* AppDelegate.swift */ = {isa = PBXFileReference; lastKnownFileType = sourcecode.swift; path = AppDelegate.swift; sourceTree = "<group>"; };
		F75717EE206ADD30005D9343 /* ViewController.swift */ = {isa = PBXFileReference; lastKnownFileType = sourcecode.swift; path = ViewController.swift; sourceTree = "<group>"; };
		F75717F1206ADD30005D9343 /* Base */ = {isa = PBXFileReference; lastKnownFileType = file.storyboard; name = Base; path = Base.lproj/Main.storyboard; sourceTree = "<group>"; };
		F75717F3206ADD30005D9343 /* Assets.xcassets */ = {isa = PBXFileReference; lastKnownFileType = folder.assetcatalog; path = Assets.xcassets; sourceTree = "<group>"; };
		F75717F6206ADD30005D9343 /* Base */ = {isa = PBXFileReference; lastKnownFileType = file.storyboard; name = Base; path = Base.lproj/LaunchScreen.storyboard; sourceTree = "<group>"; };
		F75717F8206ADD30005D9343 /* Info.plist */ = {isa = PBXFileReference; lastKnownFileType = text.plist.xml; path = Info.plist; sourceTree = "<group>"; };
		F75717FE206ADF3E005D9343 /* NetworkManager.swift */ = {isa = PBXFileReference; lastKnownFileType = sourcecode.swift; path = NetworkManager.swift; sourceTree = "<group>"; };
/* End PBXFileReference section */

/* Begin PBXFrameworksBuildPhase section */
		F75717E6206ADD30005D9343 /* Frameworks */ = {
			isa = PBXFrameworksBuildPhase;
			buildActionMask = 2147483647;
			files = (
				2AA02F58B4769822465F4FAB /* Pods_NetworkManager.framework in Frameworks */,
			);
			runOnlyForDeploymentPostprocessing = 0;
		};
/* End PBXFrameworksBuildPhase section */

/* Begin PBXGroup section */
		A5AE17C5A776712C74EC4782 /* Pods */ = {
			isa = PBXGroup;
			children = (
				5447A503090EFDF070DF0530 /* Pods-NetworkManager.debug.xcconfig */,
				BFC397EFE6C1B3D16FE5841E /* Pods-NetworkManager.release.xcconfig */,
			);
			name = Pods;
			sourceTree = "<group>";
		};
		B3495BAE4477584E2B2E2B40 /* Frameworks */ = {
			isa = PBXGroup;
			children = (
				BF38D0ADC557B404B669F360 /* Pods_NetworkManager.framework */,
			);
			name = Frameworks;
			sourceTree = "<group>";
		};
		F75717E0206ADD30005D9343 = {
			isa = PBXGroup;
			children = (
				F75717EB206ADD30005D9343 /* NetworkManager */,
				F75717EA206ADD30005D9343 /* Products */,
				A5AE17C5A776712C74EC4782 /* Pods */,
				B3495BAE4477584E2B2E2B40 /* Frameworks */,
			);
			sourceTree = "<group>";
		};
		F75717EA206ADD30005D9343 /* Products */ = {
			isa = PBXGroup;
			children = (
				F75717E9206ADD30005D9343 /* NetworkManager.app */,
			);
			name = Products;
			sourceTree = "<group>";
		};
		F75717EB206ADD30005D9343 /* NetworkManager */ = {
			isa = PBXGroup;
			children = (
				F75717EC206ADD30005D9343 /* AppDelegate.swift */,
				F75717EE206ADD30005D9343 /* ViewController.swift */,
				F75717F0206ADD30005D9343 /* Main.storyboard */,
				F75717F3206ADD30005D9343 /* Assets.xcassets */,
				F75717F5206ADD30005D9343 /* LaunchScreen.storyboard */,
				F75717F8206ADD30005D9343 /* Info.plist */,
				F75717FE206ADF3E005D9343 /* NetworkManager.swift */,
			);
			path = NetworkManager;
			sourceTree = "<group>";
		};
/* End PBXGroup section */

/* Begin PBXNativeTarget section */
		F75717E8206ADD30005D9343 /* NetworkManager */ = {
			isa = PBXNativeTarget;
			buildConfigurationList = F75717FB206ADD30005D9343 /* Build configuration list for PBXNativeTarget "NetworkManager" */;
			buildPhases = (
				F652265A56DFE306A66B0A94 /* [CP] Check Pods Manifest.lock */,
				F75717E5206ADD30005D9343 /* Sources */,
				F75717E6206ADD30005D9343 /* Frameworks */,
				F75717E7206ADD30005D9343 /* Resources */,
				4B306692377AE9CD89525804 /* [CP] Embed Pods Frameworks */,
				972AB521E8EFA42C0901C68C /* [CP] Copy Pods Resources */,
			);
			buildRules = (
			);
			dependencies = (
			);
			name = NetworkManager;
			productName = NetworkManager;
			productReference = F75717E9206ADD30005D9343 /* NetworkManager.app */;
			productType = "com.apple.product-type.application";
		};
/* End PBXNativeTarget section */

/* Begin PBXProject section */
		F75717E1206ADD30005D9343 /* Project object */ = {
			isa = PBXProject;
			attributes = {
				LastSwiftUpdateCheck = 0910;
				LastUpgradeCheck = 0910;
				ORGANIZATIONNAME = "SAS Studio";
				TargetAttributes = {
					F75717E8206ADD30005D9343 = {
						CreatedOnToolsVersion = 9.1;
						ProvisioningStyle = Automatic;
					};
				};
			};
			buildConfigurationList = F75717E4206ADD30005D9343 /* Build configuration list for PBXProject "NetworkManager" */;
			compatibilityVersion = "Xcode 8.0";
			developmentRegion = en;
			hasScannedForEncodings = 0;
			knownRegions = (
				en,
				Base,
			);
			mainGroup = F75717E0206ADD30005D9343;
			productRefGroup = F75717EA206ADD30005D9343 /* Products */;
			projectDirPath = "";
			projectRoot = "";
			targets = (
				F75717E8206ADD30005D9343 /* NetworkManager */,
			);
		};
/* End PBXProject section */

/* Begin PBXResourcesBuildPhase section */
		F75717E7206ADD30005D9343 /* Resources */ = {
			isa = PBXResourcesBuildPhase;
			buildActionMask = 2147483647;
			files = (
				F75717F7206ADD30005D9343 /* LaunchScreen.storyboard in Resources */,
				F75717F4206ADD30005D9343 /* Assets.xcassets in Resources */,
				F75717F2206ADD30005D9343 /* Main.storyboard in Resources */,
			);
			runOnlyForDeploymentPostprocessing = 0;
		};
/* End PBXResourcesBuildPhase section */

/* Begin PBXShellScriptBuildPhase section */
		4B306692377AE9CD89525804 /* [CP] Embed Pods Frameworks */ = {
			isa = PBXShellScriptBuildPhase;
			buildActionMask = 2147483647;
			files = (
			);
			inputPaths = (
				"${SRCROOT}/Pods/Target Support Files/Pods-NetworkManager/Pods-NetworkManager-frameworks.sh",
				"${BUILT_PRODUCTS_DIR}/Alamofire/Alamofire.framework",
			);
			name = "[CP] Embed Pods Frameworks";
			outputPaths = (
				"${TARGET_BUILD_DIR}/${FRAMEWORKS_FOLDER_PATH}/Alamofire.framework",
			);
			runOnlyForDeploymentPostprocessing = 0;
			shellPath = /bin/sh;
			shellScript = "\"${SRCROOT}/Pods/Target Support Files/Pods-NetworkManager/Pods-NetworkManager-frameworks.sh\"\n";
			showEnvVarsInLog = 0;
		};
		972AB521E8EFA42C0901C68C /* [CP] Copy Pods Resources */ = {
			isa = PBXShellScriptBuildPhase;
			buildActionMask = 2147483647;
			files = (
			);
			inputPaths = (
			);
			name = "[CP] Copy Pods Resources";
			outputPaths = (
			);
			runOnlyForDeploymentPostprocessing = 0;
			shellPath = /bin/sh;
			shellScript = "\"${SRCROOT}/Pods/Target Support Files/Pods-NetworkManager/Pods-NetworkManager-resources.sh\"\n";
			showEnvVarsInLog = 0;
		};
		F652265A56DFE306A66B0A94 /* [CP] Check Pods Manifest.lock */ = {
			isa = PBXShellScriptBuildPhase;
			buildActionMask = 2147483647;
			files = (
			);
			inputPaths = (
				"${PODS_PODFILE_DIR_PATH}/Podfile.lock",
				"${PODS_ROOT}/Manifest.lock",
			);
			name = "[CP] Check Pods Manifest.lock";
			outputPaths = (
				"$(DERIVED_FILE_DIR)/Pods-NetworkManager-checkManifestLockResult.txt",
			);
			runOnlyForDeploymentPostprocessing = 0;
			shellPath = /bin/sh;
			shellScript = "diff \"${PODS_PODFILE_DIR_PATH}/Podfile.lock\" \"${PODS_ROOT}/Manifest.lock\" > /dev/null\nif [ $? != 0 ] ; then\n    # print error to STDERR\n    echo \"error: The sandbox is not in sync with the Podfile.lock. Run 'pod install' or update your CocoaPods installation.\" >&2\n    exit 1\nfi\n# This output is used by Xcode 'outputs' to avoid re-running this script phase.\necho \"SUCCESS\" > \"${SCRIPT_OUTPUT_FILE_0}\"\n";
			showEnvVarsInLog = 0;
		};
/* End PBXShellScriptBuildPhase section */

/* Begin PBXSourcesBuildPhase section */
		F75717E5206ADD30005D9343 /* Sources */ = {
			isa = PBXSourcesBuildPhase;
			buildActionMask = 2147483647;
			files = (
				F75717FF206ADF3E005D9343 /* NetworkManager.swift in Sources */,
				F75717EF206ADD30005D9343 /* ViewController.swift in Sources */,
				F75717ED206ADD30005D9343 /* AppDelegate.swift in Sources */,
			);
			runOnlyForDeploymentPostprocessing = 0;
		};
/* End PBXSourcesBuildPhase section */

/* Begin PBXVariantGroup section */
		F75717F0206ADD30005D9343 /* Main.storyboard */ = {
			isa = PBXVariantGroup;
			children = (
				F75717F1206ADD30005D9343 /* Base */,
			);
			name = Main.storyboard;
			sourceTree = "<group>";
		};
		F75717F5206ADD30005D9343 /* LaunchScreen.storyboard */ = {
			isa = PBXVariantGroup;
			children = (
				F75717F6206ADD30005D9343 /* Base */,
			);
			name = LaunchScreen.storyboard;
			sourceTree = "<group>";
		};
/* End PBXVariantGroup section */

/* Begin XCBuildConfiguration section */
		F75717F9206ADD30005D9343 /* Debug */ = {
			isa = XCBuildConfiguration;
			buildSettings = {
				ALWAYS_SEARCH_USER_PATHS = NO;
				CLANG_ANALYZER_NONNULL = YES;
				CLANG_ANALYZER_NUMBER_OBJECT_CONVERSION = YES_AGGRESSIVE;
				CLANG_CXX_LANGUAGE_STANDARD = "gnu++14";
				CLANG_CXX_LIBRARY = "libc++";
				CLANG_ENABLE_MODULES = YES;
				CLANG_ENABLE_OBJC_ARC = YES;
				CLANG_WARN_BLOCK_CAPTURE_AUTORELEASING = YES;
				CLANG_WARN_BOOL_CONVERSION = YES;
				CLANG_WARN_COMMA = YES;
				CLANG_WARN_CONSTANT_CONVERSION = YES;
				CLANG_WARN_DIRECT_OBJC_ISA_USAGE = YES_ERROR;
				CLANG_WARN_DOCUMENTATION_COMMENTS = YES;
				CLANG_WARN_EMPTY_BODY = YES;
				CLANG_WARN_ENUM_CONVERSION = YES;
				CLANG_WARN_INFINITE_RECURSION = YES;
				CLANG_WARN_INT_CONVERSION = YES;
				CLANG_WARN_NON_LITERAL_NULL_CONVERSION = YES;
				CLANG_WARN_OBJC_LITERAL_CONVERSION = YES;
				CLANG_WARN_OBJC_ROOT_CLASS = YES_ERROR;
				CLANG_WARN_RANGE_LOOP_ANALYSIS = YES;
				CLANG_WARN_STRICT_PROTOTYPES = YES;
				CLANG_WARN_SUSPICIOUS_MOVE = YES;
				CLANG_WARN_UNGUARDED_AVAILABILITY = YES_AGGRESSIVE;
				CLANG_WARN_UNREACHABLE_CODE = YES;
				CLANG_WARN__DUPLICATE_METHOD_MATCH = YES;
				CODE_SIGN_IDENTITY = "iPhone Developer";
				COPY_PHASE_STRIP = NO;
				DEBUG_INFORMATION_FORMAT = dwarf;
				ENABLE_STRICT_OBJC_MSGSEND = YES;
				ENABLE_TESTABILITY = YES;
				GCC_C_LANGUAGE_STANDARD = gnu11;
				GCC_DYNAMIC_NO_PIC = NO;
				GCC_NO_COMMON_BLOCKS = YES;
				GCC_OPTIMIZATION_LEVEL = 0;
				GCC_PREPROCESSOR_DEFINITIONS = (
					"DEBUG=1",
					"$(inherited)",
				);
				GCC_WARN_64_TO_32_BIT_CONVERSION = YES;
				GCC_WARN_ABOUT_RETURN_TYPE = YES_ERROR;
				GCC_WARN_UNDECLARED_SELECTOR = YES;
				GCC_WARN_UNINITIALIZED_AUTOS = YES_AGGRESSIVE;
				GCC_WARN_UNUSED_FUNCTION = YES;
				GCC_WARN_UNUSED_VARIABLE = YES;
				IPHONEOS_DEPLOYMENT_TARGET = 11.1;
				MTL_ENABLE_DEBUG_INFO = YES;
				ONLY_ACTIVE_ARCH = YES;
				SDKROOT = iphoneos;
				SWIFT_ACTIVE_COMPILATION_CONDITIONS = DEBUG;
				SWIFT_OPTIMIZATION_LEVEL = "-Onone";
			};
			name = Debug;
		};
		F75717FA206ADD30005D9343 /* Release */ = {
			isa = XCBuildConfiguration;
			buildSettings = {
				ALWAYS_SEARCH_USER_PATHS = NO;
				CLANG_ANALYZER_NONNULL = YES;
				CLANG_ANALYZER_NUMBER_OBJECT_CONVERSION = YES_AGGRESSIVE;
				CLANG_CXX_LANGUAGE_STANDARD = "gnu++14";
				CLANG_CXX_LIBRARY = "libc++";
				CLANG_ENABLE_MODULES = YES;
				CLANG_ENABLE_OBJC_ARC = YES;
				CLANG_WARN_BLOCK_CAPTURE_AUTORELEASING = YES;
				CLANG_WARN_BOOL_CONVERSION = YES;
				CLANG_WARN_COMMA = YES;
				CLANG_WARN_CONSTANT_CONVERSION = YES;
				CLANG_WARN_DIRECT_OBJC_ISA_USAGE = YES_ERROR;
				CLANG_WARN_DOCUMENTATION_COMMENTS = YES;
				CLANG_WARN_EMPTY_BODY = YES;
				CLANG_WARN_ENUM_CONVERSION = YES;
				CLANG_WARN_INFINITE_RECURSION = YES;
				CLANG_WARN_INT_CONVERSION = YES;
				CLANG_WARN_NON_LITERAL_NULL_CONVERSION = YES;
				CLANG_WARN_OBJC_LITERAL_CONVERSION = YES;
				CLANG_WARN_OBJC_ROOT_CLASS = YES_ERROR;
				CLANG_WARN_RANGE_LOOP_ANALYSIS = YES;
				CLANG_WARN_STRICT_PROTOTYPES = YES;
				CLANG_WARN_SUSPICIOUS_MOVE = YES;
				CLANG_WARN_UNGUARDED_AVAILABILITY = YES_AGGRESSIVE;
				CLANG_WARN_UNREACHABLE_CODE = YES;
				CLANG_WARN__DUPLICATE_METHOD_MATCH = YES;
				CODE_SIGN_IDENTITY = "iPhone Developer";
				COPY_PHASE_STRIP = NO;
				DEBUG_INFORMATION_FORMAT = "dwarf-with-dsym";
				ENABLE_NS_ASSERTIONS = NO;
				ENABLE_STRICT_OBJC_MSGSEND = YES;
				GCC_C_LANGUAGE_STANDARD = gnu11;
				GCC_NO_COMMON_BLOCKS = YES;
				GCC_WARN_64_TO_32_BIT_CONVERSION = YES;
				GCC_WARN_ABOUT_RETURN_TYPE = YES_ERROR;
				GCC_WARN_UNDECLARED_SELECTOR = YES;
				GCC_WARN_UNINITIALIZED_AUTOS = YES_AGGRESSIVE;
				GCC_WARN_UNUSED_FUNCTION = YES;
				GCC_WARN_UNUSED_VARIABLE = YES;
				IPHONEOS_DEPLOYMENT_TARGET = 11.1;
				MTL_ENABLE_DEBUG_INFO = NO;
				SDKROOT = iphoneos;
				SWIFT_OPTIMIZATION_LEVEL = "-Owholemodule";
				VALIDATE_PRODUCT = YES;
			};
			name = Release;
		};
		F75717FC206ADD30005D9343 /* Debug */ = {
			isa = XCBuildConfiguration;
			baseConfigurationReference = 5447A503090EFDF070DF0530 /* Pods-NetworkManager.debug.xcconfig */;
			buildSettings = {
				ASSETCATALOG_COMPILER_APPICON_NAME = AppIcon;
				CODE_SIGN_STYLE = Automatic;
				DEVELOPMENT_TEAM = V655FRT24R;
				INFOPLIST_FILE = NetworkManager/Info.plist;
				LD_RUNPATH_SEARCH_PATHS = "$(inherited) @executable_path/Frameworks";
				PRODUCT_BUNDLE_IDENTIFIER = com.lucett.test.NetworkManager;
				PRODUCT_NAME = "$(TARGET_NAME)";
				SWIFT_VERSION = 4.0;
				TARGETED_DEVICE_FAMILY = "1,2";
			};
			name = Debug;
		};
		F75717FD206ADD30005D9343 /* Release */ = {
			isa = XCBuildConfiguration;
			baseConfigurationReference = BFC397EFE6C1B3D16FE5841E /* Pods-NetworkManager.release.xcconfig */;
			buildSettings = {
				ASSETCATALOG_COMPILER_APPICON_NAME = AppIcon;
				CODE_SIGN_STYLE = Automatic;
				DEVELOPMENT_TEAM = V655FRT24R;
				INFOPLIST_FILE = NetworkManager/Info.plist;
				LD_RUNPATH_SEARCH_PATHS = "$(inherited) @executable_path/Frameworks";
				PRODUCT_BUNDLE_IDENTIFIER = com.lucett.test.NetworkManager;
				PRODUCT_NAME = "$(TARGET_NAME)";
				SWIFT_VERSION = 4.0;
				TARGETED_DEVICE_FAMILY = "1,2";
			};
			name = Release;
		};
/* End XCBuildConfiguration section */

/* Begin XCConfigurationList section */
		F75717E4206ADD30005D9343 /* Build configuration list for PBXProject "NetworkManager" */ = {
			isa = XCConfigurationList;
			buildConfigurations = (
				F75717F9206ADD30005D9343 /* Debug */,
				F75717FA206ADD30005D9343 /* Release */,
			);
			defaultConfigurationIsVisible = 0;
			defaultConfigurationName = Release;
		};
		F75717FB206ADD30005D9343 /* Build configuration list for PBXNativeTarget "NetworkManager" */ = {
			isa = XCConfigurationList;
			buildConfigurations = (
				F75717FC206ADD30005D9343 /* Debug */,
				F75717FD206ADD30005D9343 /* Release */,
			);
			defaultConfigurationIsVisible = 0;
			defaultConfigurationName = Release;
		};
/* End XCConfigurationList section */
	};
	rootObject = F75717E1206ADD30005D9343 /* Project object */;
}
